
Microsoft Visual Studio Solution File, Format Version 12.00
# Visual Studio Version 16
VisualStudioVersion = 16.0.30309.148
MinimumVisualStudioVersion = 10.0.40219.1
Project("{FAE04EC0-301F-11D3-BF4B-00C04F79EFBC}") = "Frostspark.API", "Frostspark.API\Frostspark.API.csproj", "{A8186A57-1D5D-455D-8C44-A8CC1FF0CB57}"
EndProject
Global
	GlobalSection(SolutionConfigurationPlatforms) = preSolution
		Debug|Any CPU = Debug|Any CPU
		Release|Any CPU = Release|Any CPU
	EndGlobalSection
	GlobalSection(ProjectConfigurationPlatforms) = postSolution
		{A8186A57-1D5D-455D-8C44-A8CC1FF0CB57}.Debug|Any CPU.ActiveCfg = Debug|Any CPU
		{A8186A57-1D5D-455D-8C44-A8CC1FF0CB57}.Debug|Any CPU.Build.0 = Debug|Any CPU
		{A8186A57-1D5D-455D-8C44-A8CC1FF0CB57}.Release|Any CPU.ActiveCfg = Release|Any CPU
		{A8186A57-1D5D-455D-8C44-A8CC1FF0CB57}.Release|Any CPU.Build.0 = Release|Any CPU
	EndGlobalSection
	GlobalSection(SolutionProperties) = preSolution
		HideSolutionNode = FALSE
	EndGlobalSection
	GlobalSection(ExtensibilityGlobals) = postSolution
		SolutionGuid = {6A691B23-24E5-4F88-8B0F-6E2A2BA26FFF}
	EndGlobalSection
EndGlobal
