
Microsoft Visual Studio Solution File, Format Version 12.00
# Visual Studio Version 16
VisualStudioVersion = 16.0.30309.148
MinimumVisualStudioVersion = 10.0.40219.1
Project("{9A19103F-16F7-4668-BE54-9A1E7A4F7556}") = "Frostspark.API", "Frostspark.API\Frostspark.API.csproj", "{7339E731-B815-4FE0-A25E-2F54907D2B96}"
EndProject
Global
	GlobalSection(SolutionConfigurationPlatforms) = preSolution
		Debug|Any CPU = Debug|Any CPU
		Release|Any CPU = Release|Any CPU
	EndGlobalSection
	GlobalSection(ProjectConfigurationPlatforms) = postSolution
		{7339E731-B815-4FE0-A25E-2F54907D2B96}.Debug|Any CPU.ActiveCfg = Debug|Any CPU
		{7339E731-B815-4FE0-A25E-2F54907D2B96}.Debug|Any CPU.Build.0 = Debug|Any CPU
		{7339E731-B815-4FE0-A25E-2F54907D2B96}.Release|Any CPU.ActiveCfg = Release|Any CPU
		{7339E731-B815-4FE0-A25E-2F54907D2B96}.Release|Any CPU.Build.0 = Release|Any CPU
	EndGlobalSection
	GlobalSection(SolutionProperties) = preSolution
		HideSolutionNode = FALSE
	EndGlobalSection
	GlobalSection(ExtensibilityGlobals) = postSolution
		SolutionGuid = {6A691B23-24E5-4F88-8B0F-6E2A2BA26FFF}
	EndGlobalSection
EndGlobal
